// !$*UTF8*$!
{
	archiveVersion = 1;
	classes = {
	};
	objectVersion = 46;
	objects = {

/* Begin PBXBuildFile section */
		114CCC992607BBE000767410 /* EmmaReactNativePush.swift in Sources */ = {isa = PBXBuildFile; fileRef = 114CCC972607BBE000767410 /* EmmaReactNativePush.swift */; };
		114CCC9A2607BBE000767410 /* EmmaNativeAdDelegate.swift in Sources */ = {isa = PBXBuildFile; fileRef = 114CCC982607BBE000767410 /* EmmaNativeAdDelegate.swift */; };
		11607DE32600BE0F004E4AB6 /* Utils.swift in Sources */ = {isa = PBXBuildFile; fileRef = 11607DE22600BE0F004E4AB6 /* Utils.swift */; };
		11607DE62600C26B004E4AB6 /* EmmaSerializer.swift in Sources */ = {isa = PBXBuildFile; fileRef = 11607DE52600C26B004E4AB6 /* EmmaSerializer.swift */; };
		11607DE92600D97E004E4AB6 /* Error.swift in Sources */ = {isa = PBXBuildFile; fileRef = 11607DE82600D97E004E4AB6 /* Error.swift */; };
		11AD75E125FFBA4E0004216B /* EmmaReactNative.mm in Sources */ = {isa = PBXBuildFile; fileRef = B3E7B5891CC2AC0600A0062D /* EmmaReactNative.mm */; };
		952B76BE2A050ECB0012670E /* EmmaReactNativeManager.swift in Sources */ = {isa = PBXBuildFile; fileRef = 952B76BD2A050ECB0012670E /* EmmaReactNativeManager.swift */; };
/* End PBXBuildFile section */

/* Begin PBXCopyFilesBuildPhase section */
		58B511D91A9E6C8500147676 /* Copy Files */ = {
			isa = PBXCopyFilesBuildPhase;
			buildActionMask = 2147483647;
			dstPath = "include/$(PRODUCT_NAME)";
			dstSubfolderSpec = 16;
			files = (
			);
			name = "Copy Files";
			runOnlyForDeploymentPostprocessing = 0;
		};
/* End PBXCopyFilesBuildPhase section */

/* Begin PBXFileReference section */
		114CCC972607BBE000767410 /* EmmaReactNativePush.swift */ = {isa = PBXFileReference; fileEncoding = 4; lastKnownFileType = sourcecode.swift; path = EmmaReactNativePush.swift; sourceTree = "<group>"; };
		114CCC982607BBE000767410 /* EmmaNativeAdDelegate.swift */ = {isa = PBXFileReference; fileEncoding = 4; lastKnownFileType = sourcecode.swift; path = EmmaNativeAdDelegate.swift; sourceTree = "<group>"; };
		1150F63526022AFC009C8CD2 /* libPods-EMMAReactNativeExample.a */ = {isa = PBXFileReference; lastKnownFileType = archive.ar; name = "libPods-EMMAReactNativeExample.a"; path = "../../../../Library/Developer/Xcode/DerivedData/EMMAReactNativeExample-busfdvksvbdegsdptvoyhzvnhwoo/Build/Products/Debug-iphonesimulator/libPods-EMMAReactNativeExample.a"; sourceTree = "<group>"; };
		11607DE22600BE0F004E4AB6 /* Utils.swift */ = {isa = PBXFileReference; lastKnownFileType = sourcecode.swift; path = Utils.swift; sourceTree = "<group>"; };
		11607DE52600C26B004E4AB6 /* EmmaSerializer.swift */ = {isa = PBXFileReference; lastKnownFileType = sourcecode.swift; path = EmmaSerializer.swift; sourceTree = "<group>"; };
		11607DE82600D97E004E4AB6 /* Error.swift */ = {isa = PBXFileReference; lastKnownFileType = sourcecode.swift; path = Error.swift; sourceTree = "<group>"; };
		11AD75C925FF96E20004216B /* EMMA_iOS.xcframework */ = {isa = PBXFileReference; lastKnownFileType = wrapper.xcframework; name = EMMA_iOS.xcframework; path = "../../eMMa-iOS-SDK/EMMA_iOS.xcframework"; sourceTree = "<group>"; };
		11AD75CF25FF992B0004216B /* Podfile */ = {isa = PBXFileReference; lastKnownFileType = text; name = Podfile; path = ../example/ios/Podfile; sourceTree = "<group>"; };
		134814201AA4EA6300B7C361 /* libEmmaReactNative.a */ = {isa = PBXFileReference; explicitFileType = archive.ar; includeInIndex = 0; path = libEmmaReactNative.a; sourceTree = BUILT_PRODUCTS_DIR; };
		952B76BC2A046B860012670E /* EmmaReactNative.h */ = {isa = PBXFileReference; lastKnownFileType = sourcecode.c.h; path = EmmaReactNative.h; sourceTree = "<group>"; };
		952B76BD2A050ECB0012670E /* EmmaReactNativeManager.swift */ = {isa = PBXFileReference; lastKnownFileType = sourcecode.swift; path = EmmaReactNativeManager.swift; sourceTree = "<group>"; };
		B3E7B5891CC2AC0600A0062D /* EmmaReactNative.mm */ = {isa = PBXFileReference; fileEncoding = 4; lastKnownFileType = sourcecode.cpp.objcpp; path = EmmaReactNative.mm; sourceTree = "<group>"; };
		F4FF95D5245B92E700C19C63 /* EmmaReactNative-Bridging-Header.h */ = {isa = PBXFileReference; lastKnownFileType = sourcecode.c.h; path = "EmmaReactNative-Bridging-Header.h"; sourceTree = "<group>"; };
/* End PBXFileReference section */

/* Begin PBXFrameworksBuildPhase section */
		58B511D81A9E6C8500147676 /* Frameworks */ = {
			isa = PBXFrameworksBuildPhase;
			buildActionMask = 2147483647;
			files = (
			);
			runOnlyForDeploymentPostprocessing = 0;
		};
/* End PBXFrameworksBuildPhase section */

/* Begin PBXGroup section */
		11AD75C825FF96E20004216B /* Frameworks */ = {
			isa = PBXGroup;
			children = (
				1150F63526022AFC009C8CD2 /* libPods-EMMAReactNativeExample.a */,
				11AD75CF25FF992B0004216B /* Podfile */,
				11AD75C925FF96E20004216B /* EMMA_iOS.xcframework */,
			);
			name = Frameworks;
			sourceTree = "<group>";
		};
		134814211AA4EA7D00B7C361 /* Products */ = {
			isa = PBXGroup;
			children = (
				134814201AA4EA6300B7C361 /* libEmmaReactNative.a */,
			);
			name = Products;
			sourceTree = "<group>";
		};
		58B511D21A9E6C8500147676 = {
			isa = PBXGroup;
			children = (
				952B76BD2A050ECB0012670E /* EmmaReactNativeManager.swift */,
				952B76BC2A046B860012670E /* EmmaReactNative.h */,
				114CCC982607BBE000767410 /* EmmaNativeAdDelegate.swift */,
				114CCC972607BBE000767410 /* EmmaReactNativePush.swift */,
				11607DE82600D97E004E4AB6 /* Error.swift */,
				11607DE52600C26B004E4AB6 /* EmmaSerializer.swift */,
				11607DE22600BE0F004E4AB6 /* Utils.swift */,
				B3E7B5891CC2AC0600A0062D /* EmmaReactNative.mm */,
				F4FF95D5245B92E700C19C63 /* EmmaReactNative-Bridging-Header.h */,
				134814211AA4EA7D00B7C361 /* Products */,
				11AD75C825FF96E20004216B /* Frameworks */,
			);
			sourceTree = "<group>";
		};
/* End PBXGroup section */

/* Begin PBXNativeTarget section */
		58B511DA1A9E6C8500147676 /* EmmaReactNative */ = {
			isa = PBXNativeTarget;
			buildConfigurationList = 58B511EF1A9E6C8500147676 /* Build configuration list for PBXNativeTarget "EmmaReactNative" */;
			buildPhases = (
				58B511D71A9E6C8500147676 /* Sources */,
				58B511D81A9E6C8500147676 /* Frameworks */,
				58B511D91A9E6C8500147676 /* Copy Files */,
			);
			buildRules = (
			);
			dependencies = (
			);
			name = EmmaReactNative;
			productName = RCTDataManager;
			productReference = 134814201AA4EA6300B7C361 /* libEmmaReactNative.a */;
			productType = "com.apple.product-type.library.static";
		};
/* End PBXNativeTarget section */

/* Begin PBXProject section */
		58B511D31A9E6C8500147676 /* Project object */ = {
			isa = PBXProject;
			attributes = {
				LastUpgradeCheck = 0920;
				ORGANIZATIONNAME = Facebook;
				TargetAttributes = {
					58B511DA1A9E6C8500147676 = {
						CreatedOnToolsVersion = 6.1.1;
					};
				};
			};
			buildConfigurationList = 58B511D61A9E6C8500147676 /* Build configuration list for PBXProject "EmmaReactNative" */;
			compatibilityVersion = "Xcode 3.2";
			developmentRegion = English;
			hasScannedForEncodings = 0;
			knownRegions = (
				English,
				en,
			);
			mainGroup = 58B511D21A9E6C8500147676;
			productRefGroup = 58B511D21A9E6C8500147676;
			projectDirPath = "";
			projectRoot = "";
			targets = (
				58B511DA1A9E6C8500147676 /* EmmaReactNative */,
			);
		};
/* End PBXProject section */

/* Begin PBXSourcesBuildPhase section */
		58B511D71A9E6C8500147676 /* Sources */ = {
			isa = PBXSourcesBuildPhase;
			buildActionMask = 2147483647;
			files = (
				952B76BE2A050ECB0012670E /* EmmaReactNativeManager.swift in Sources */,
				11AD75E125FFBA4E0004216B /* EmmaReactNative.mm in Sources */,
				11607DE62600C26B004E4AB6 /* EmmaSerializer.swift in Sources */,
				114CCC9A2607BBE000767410 /* EmmaNativeAdDelegate.swift in Sources */,
				114CCC992607BBE000767410 /* EmmaReactNativePush.swift in Sources */,
				11607DE92600D97E004E4AB6 /* Error.swift in Sources */,
				11607DE32600BE0F004E4AB6 /* Utils.swift in Sources */,
			);
			runOnlyForDeploymentPostprocessing = 0;
		};
/* End PBXSourcesBuildPhase section */

/* Begin XCBuildConfiguration section */
		58B511ED1A9E6C8500147676 /* Debug */ = {
			isa = XCBuildConfiguration;
			buildSettings = {
				ALWAYS_SEARCH_USER_PATHS = NO;
				CLANG_CXX_LANGUAGE_STANDARD = "gnu++0x";
				CLANG_CXX_LIBRARY = "libc++";
				CLANG_ENABLE_MODULES = YES;
				CLANG_ENABLE_OBJC_ARC = YES;
				CLANG_WARN_BLOCK_CAPTURE_AUTORELEASING = YES;
				CLANG_WARN_BOOL_CONVERSION = YES;
				CLANG_WARN_COMMA = YES;
				CLANG_WARN_CONSTANT_CONVERSION = YES;
				CLANG_WARN_DIRECT_OBJC_ISA_USAGE = YES_ERROR;
				CLANG_WARN_EMPTY_BODY = YES;
				CLANG_WARN_ENUM_CONVERSION = YES;
				CLANG_WARN_INFINITE_RECURSION = YES;
				CLANG_WARN_INT_CONVERSION = YES;
				CLANG_WARN_NON_LITERAL_NULL_CONVERSION = YES;
				CLANG_WARN_OBJC_LITERAL_CONVERSION = YES;
				CLANG_WARN_OBJC_ROOT_CLASS = YES_ERROR;
				CLANG_WARN_RANGE_LOOP_ANALYSIS = YES;
				CLANG_WARN_STRICT_PROTOTYPES = YES;
				CLANG_WARN_SUSPICIOUS_MOVE = YES;
				CLANG_WARN_UNREACHABLE_CODE = YES;
				CLANG_WARN__DUPLICATE_METHOD_MATCH = YES;
				COPY_PHASE_STRIP = NO;
				ENABLE_STRICT_OBJC_MSGSEND = YES;
				ENABLE_TESTABILITY = YES;
				GCC_C_LANGUAGE_STANDARD = gnu99;
				GCC_DYNAMIC_NO_PIC = NO;
				GCC_NO_COMMON_BLOCKS = YES;
				GCC_OPTIMIZATION_LEVEL = 0;
				GCC_PREPROCESSOR_DEFINITIONS = (
					"DEBUG=1",
					"$(inherited)",
				);
				GCC_SYMBOLS_PRIVATE_EXTERN = NO;
				GCC_WARN_64_TO_32_BIT_CONVERSION = YES;
				GCC_WARN_ABOUT_RETURN_TYPE = YES_ERROR;
				GCC_WARN_UNDECLARED_SELECTOR = YES;
				GCC_WARN_UNINITIALIZED_AUTOS = YES_AGGRESSIVE;
				GCC_WARN_UNUSED_FUNCTION = YES;
				GCC_WARN_UNUSED_VARIABLE = YES;
				IPHONEOS_DEPLOYMENT_TARGET = 8.0;
				MTL_ENABLE_DEBUG_INFO = YES;
				ONLY_ACTIVE_ARCH = YES;
				SDKROOT = iphoneos;
			};
			name = Debug;
		};
		58B511EE1A9E6C8500147676 /* Release */ = {
			isa = XCBuildConfiguration;
			buildSettings = {
				ALWAYS_SEARCH_USER_PATHS = NO;
				CLANG_CXX_LANGUAGE_STANDARD = "gnu++0x";
				CLANG_CXX_LIBRARY = "libc++";
				CLANG_ENABLE_MODULES = YES;
				CLANG_ENABLE_OBJC_ARC = YES;
				CLANG_WARN_BLOCK_CAPTURE_AUTORELEASING = YES;
				CLANG_WARN_BOOL_CONVERSION = YES;
				CLANG_WARN_COMMA = YES;
				CLANG_WARN_CONSTANT_CONVERSION = YES;
				CLANG_WARN_DIRECT_OBJC_ISA_USAGE = YES_ERROR;
				CLANG_WARN_EMPTY_BODY = YES;
				CLANG_WARN_ENUM_CONVERSION = YES;
				CLANG_WARN_INFINITE_RECURSION = YES;
				CLANG_WARN_INT_CONVERSION = YES;
				CLANG_WARN_NON_LITERAL_NULL_CONVERSION = YES;
				CLANG_WARN_OBJC_LITERAL_CONVERSION = YES;
				CLANG_WARN_OBJC_ROOT_CLASS = YES_ERROR;
				CLANG_WARN_RANGE_LOOP_ANALYSIS = YES;
				CLANG_WARN_STRICT_PROTOTYPES = YES;
				CLANG_WARN_SUSPICIOUS_MOVE = YES;
				CLANG_WARN_UNREACHABLE_CODE = YES;
				CLANG_WARN__DUPLICATE_METHOD_MATCH = YES;
				COPY_PHASE_STRIP = YES;
				ENABLE_NS_ASSERTIONS = NO;
				ENABLE_STRICT_OBJC_MSGSEND = YES;
				GCC_C_LANGUAGE_STANDARD = gnu99;
				GCC_NO_COMMON_BLOCKS = YES;
				GCC_WARN_64_TO_32_BIT_CONVERSION = YES;
				GCC_WARN_ABOUT_RETURN_TYPE = YES_ERROR;
				GCC_WARN_UNDECLARED_SELECTOR = YES;
				GCC_WARN_UNINITIALIZED_AUTOS = YES_AGGRESSIVE;
				GCC_WARN_UNUSED_FUNCTION = YES;
				GCC_WARN_UNUSED_VARIABLE = YES;
				IPHONEOS_DEPLOYMENT_TARGET = 8.0;
				MTL_ENABLE_DEBUG_INFO = NO;
				SDKROOT = iphoneos;
				VALIDATE_PRODUCT = YES;
			};
			name = Release;
		};
		58B511F01A9E6C8500147676 /* Debug */ = {
			isa = XCBuildConfiguration;
			buildSettings = {
				DEFINES_MODULE = YES;
				HEADER_SEARCH_PATHS = (
					"$(inherited)",
					/Applications/Xcode.app/Contents/Developer/Toolchains/XcodeDefault.xctoolchain/usr/include,
					"$(SRCROOT)/../../../React/**",
					"$(SRCROOT)/../../react-native/React/**",
				);
				LIBRARY_SEARCH_PATHS = "$(inherited)";
				OTHER_LDFLAGS = "-ObjC";
				PRODUCT_MODULE_NAME = EmmaReactNative;
				PRODUCT_NAME = EmmaReactNative;
				SKIP_INSTALL = YES;
				SWIFT_OBJC_BRIDGING_HEADER = "EmmaReactNative-Bridging-Header.h";
				SWIFT_OPTIMIZATION_LEVEL = "-Onone";
				SWIFT_VERSION = 5.0;
			};
			name = Debug;
		};
		58B511F11A9E6C8500147676 /* Release */ = {
			isa = XCBuildConfiguration;
			buildSettings = {
				DEFINES_MODULE = YES;
				HEADER_SEARCH_PATHS = (
					"$(inherited)",
					/Applications/Xcode.app/Contents/Developer/Toolchains/XcodeDefault.xctoolchain/usr/include,
					"$(SRCROOT)/../../../React/**",
					"$(SRCROOT)/../../react-native/React/**",
				);
				LIBRARY_SEARCH_PATHS = "$(inherited)";
				OTHER_LDFLAGS = "-ObjC";
				PRODUCT_MODULE_NAME = EmmaReactNative;
				PRODUCT_NAME = EmmaReactNative;
				SKIP_INSTALL = YES;
				SWIFT_OBJC_BRIDGING_HEADER = "EmmaReactNative-Bridging-Header.h";
				SWIFT_VERSION = 5.0;
			};
			name = Release;
		};
/* End XCBuildConfiguration section */

/* Begin XCConfigurationList section */
		58B511D61A9E6C8500147676 /* Build configuration list for PBXProject "EmmaReactNative" */ = {
			isa = XCConfigurationList;
			buildConfigurations = (
				58B511ED1A9E6C8500147676 /* Debug */,
				58B511EE1A9E6C8500147676 /* Release */,
			);
			defaultConfigurationIsVisible = 0;
			defaultConfigurationName = Release;
		};
		58B511EF1A9E6C8500147676 /* Build configuration list for PBXNativeTarget "EmmaReactNative" */ = {
			isa = XCConfigurationList;
			buildConfigurations = (
				58B511F01A9E6C8500147676 /* Debug */,
				58B511F11A9E6C8500147676 /* Release */,
			);
			defaultConfigurationIsVisible = 0;
			defaultConfigurationName = Release;
		};
/* End XCConfigurationList section */
	};
	rootObject = 58B511D31A9E6C8500147676 /* Project object */;
}
